
Microsoft Visual Studio Solution File, Format Version 12.00
# Visual Studio Version 17
VisualStudioVersion = 17.4.33110.190
MinimumVisualStudioVersion = 10.0.40219.1
Project("{FAE04EC0-301F-11D3-BF4B-00C04F79EFBC}") = "LambdaDemo222Batch", "LambdaDemo222Batch.csproj", "{14722941-5D90-4894-9387-0A7AD449F95C}"
EndProject
Global
	GlobalSection(SolutionConfigurationPlatforms) = preSolution
		Debug|Any CPU = Debug|Any CPU
		Release|Any CPU = Release|Any CPU
	EndGlobalSection
	GlobalSection(ProjectConfigurationPlatforms) = postSolution
		{14722941-5D90-4894-9387-0A7AD449F95C}.Debug|Any CPU.ActiveCfg = Debug|Any CPU
		{14722941-5D90-4894-9387-0A7AD449F95C}.Debug|Any CPU.Build.0 = Debug|Any CPU
		{14722941-5D90-4894-9387-0A7AD449F95C}.Release|Any CPU.ActiveCfg = Release|Any CPU
		{14722941-5D90-4894-9387-0A7AD449F95C}.Release|Any CPU.Build.0 = Release|Any CPU
	EndGlobalSection
	GlobalSection(SolutionProperties) = preSolution
		HideSolutionNode = FALSE
	EndGlobalSection
	GlobalSection(ExtensibilityGlobals) = postSolution
		SolutionGuid = {2E3B4257-4DE9-4A7E-AA3D-430A5C3AF7AC}
	EndGlobalSection
EndGlobal
